
Microsoft Visual Studio Solution File, Format Version 12.00
# Visual Studio Version 17
VisualStudioVersion = 17.3.32804.467
MinimumVisualStudioVersion = 10.0.40219.1
Project("{FAE04EC0-301F-11D3-BF4B-00C04F79EFBC}") = "PersonelTakip", "PersonelTakip\PersonelTakip.csproj", "{ED5A47B9-9C98-46C6-87F2-7EBD9A78B2EF}"
EndProject
Global
	GlobalSection(SolutionConfigurationPlatforms) = preSolution
		Debug|Any CPU = Debug|Any CPU
		Release|Any CPU = Release|Any CPU
	EndGlobalSection
	GlobalSection(ProjectConfigurationPlatforms) = postSolution
		{ED5A47B9-9C98-46C6-87F2-7EBD9A78B2EF}.Debug|Any CPU.ActiveCfg = Debug|Any CPU
		{ED5A47B9-9C98-46C6-87F2-7EBD9A78B2EF}.Debug|Any CPU.Build.0 = Debug|Any CPU
		{ED5A47B9-9C98-46C6-87F2-7EBD9A78B2EF}.Release|Any CPU.ActiveCfg = Release|Any CPU
		{ED5A47B9-9C98-46C6-87F2-7EBD9A78B2EF}.Release|Any CPU.Build.0 = Release|Any CPU
	EndGlobalSection
	GlobalSection(SolutionProperties) = preSolution
		HideSolutionNode = FALSE
	EndGlobalSection
	GlobalSection(ExtensibilityGlobals) = postSolution
		SolutionGuid = {2CE6750C-C6C3-4ADD-BEF9-65B136556550}
	EndGlobalSection
EndGlobal
